
Microsoft Visual Studio Solution File, Format Version 12.00
# Visual Studio Version 17
VisualStudioVersion = 17.0.32112.339
MinimumVisualStudioVersion = 10.0.40219.1
Project("{FAE04EC0-301F-11D3-BF4B-00C04F79EFBC}") = "YeelightControl-WebAPI", "YeelightControl-WebAPI\YeelightControl-WebAPI.csproj", "{ED90A52F-25A6-4CF5-901F-BED5A45DD536}"
EndProject
Project("{2150E333-8FDC-42A3-9474-1A3956D46DE8}") = "Solution Items", "Solution Items", "{4D4281E0-A18D-48D7-A5F0-0BF6AFE30B2D}"
	ProjectSection(SolutionItems) = preProject
		.editorconfig = .editorconfig
	EndProjectSection
EndProject
Global
	GlobalSection(SolutionConfigurationPlatforms) = preSolution
		Debug|Any CPU = Debug|Any CPU
		Release|Any CPU = Release|Any CPU
	EndGlobalSection
	GlobalSection(ProjectConfigurationPlatforms) = postSolution
		{ED90A52F-25A6-4CF5-901F-BED5A45DD536}.Debug|Any CPU.ActiveCfg = Debug|Any CPU
		{ED90A52F-25A6-4CF5-901F-BED5A45DD536}.Debug|Any CPU.Build.0 = Debug|Any CPU
		{ED90A52F-25A6-4CF5-901F-BED5A45DD536}.Release|Any CPU.ActiveCfg = Release|Any CPU
		{ED90A52F-25A6-4CF5-901F-BED5A45DD536}.Release|Any CPU.Build.0 = Release|Any CPU
	EndGlobalSection
	GlobalSection(SolutionProperties) = preSolution
		HideSolutionNode = FALSE
	EndGlobalSection
	GlobalSection(ExtensibilityGlobals) = postSolution
		SolutionGuid = {04F59D66-E640-474C-A3FB-36D60F1439DA}
	EndGlobalSection
EndGlobal
